
Microsoft Visual Studio Solution File, Format Version 12.00
# Visual Studio 15
VisualStudioVersion = 15.0.26430.14
MinimumVisualStudioVersion = 10.0.40219.1
Project("{8BC9CEB8-8B4A-11D0-8D11-00A0C91BC942}") = "UI", "UI\UI.vcxproj", "{AEA5BEBD-12BF-4C46-A461-DEF93CFD7D1C}"
	ProjectSection(ProjectDependencies) = postProject
		{B7839C36-5110-4F46-A551-81051C4B19C2} = {B7839C36-5110-4F46-A551-81051C4B19C2}
		{2E3F91EE-85DA-4416-8763-D7930C290309} = {2E3F91EE-85DA-4416-8763-D7930C290309}
	EndProjectSection
EndProject
Project("{2150E333-8FDC-42A3-9474-1A3956D46DE8}") = "Test", "Test", "{FB22E6FF-A989-4A4F-A1AB-138E6DD93019}"
EndProject
Project("{8BC9CEB8-8B4A-11D0-8D11-00A0C91BC942}") = "Character", "Character\Character.vcxproj", "{6D254827-AED0-4120-9F6C-116434C5A1EC}"
	ProjectSection(ProjectDependencies) = postProject
		{2E3F91EE-85DA-4416-8763-D7930C290309} = {2E3F91EE-85DA-4416-8763-D7930C290309}
	EndProjectSection
EndProject
Project("{8BC9CEB8-8B4A-11D0-8D11-00A0C91BC942}") = "DataModel", "DataModel\DataModel.vcxproj", "{2E3F91EE-85DA-4416-8763-D7930C290309}"
EndProject
Project("{8BC9CEB8-8B4A-11D0-8D11-00A0C91BC942}") = "Craft", "Craft\Craft.vcxproj", "{1D087CDF-4870-499E-A7BB-807933F36BFA}"
	ProjectSection(ProjectDependencies) = postProject
		{2E3F91EE-85DA-4416-8763-D7930C290309} = {2E3F91EE-85DA-4416-8763-D7930C290309}
	EndProjectSection
EndProject
Project("{8BC9CEB8-8B4A-11D0-8D11-00A0C91BC942}") = "Item", "Item\Item.vcxproj", "{CDE09565-B71D-4928-B455-37E0D206FCC6}"
	ProjectSection(ProjectDependencies) = postProject
		{2E3F91EE-85DA-4416-8763-D7930C290309} = {2E3F91EE-85DA-4416-8763-D7930C290309}
	EndProjectSection
EndProject
Project("{8BC9CEB8-8B4A-11D0-8D11-00A0C91BC942}") = "Graphics", "Graphics\Graphics.vcxproj", "{B7839C36-5110-4F46-A551-81051C4B19C2}"
	ProjectSection(ProjectDependencies) = postProject
		{2E3F91EE-85DA-4416-8763-D7930C290309} = {2E3F91EE-85DA-4416-8763-D7930C290309}
	EndProjectSection
EndProject
Project("{8BC9CEB8-8B4A-11D0-8D11-00A0C91BC942}") = "OpenGL", "OpenGL\OpenGL.vcxproj", "{9FDAEEB4-3CFA-4D5C-B857-FC7201FC586D}"
	ProjectSection(ProjectDependencies) = postProject
		{B7839C36-5110-4F46-A551-81051C4B19C2} = {B7839C36-5110-4F46-A551-81051C4B19C2}
		{2E3F91EE-85DA-4416-8763-D7930C290309} = {2E3F91EE-85DA-4416-8763-D7930C290309}
	EndProjectSection
EndProject
Project("{8BC9CEB8-8B4A-11D0-8D11-00A0C91BC942}") = "DirectX", "DirectX\DirectX.vcxproj", "{06031591-98BF-44B8-95F9-CE060275C0AF}"
	ProjectSection(ProjectDependencies) = postProject
		{B7839C36-5110-4F46-A551-81051C4B19C2} = {B7839C36-5110-4F46-A551-81051C4B19C2}
		{2E3F91EE-85DA-4416-8763-D7930C290309} = {2E3F91EE-85DA-4416-8763-D7930C290309}
	EndProjectSection
EndProject
Project("{8BC9CEB8-8B4A-11D0-8D11-00A0C91BC942}") = "Control", "Control\Control.vcxproj", "{007DB89C-5A2F-4322-B10C-E5B335480A16}"
	ProjectSection(ProjectDependencies) = postProject
		{2E3F91EE-85DA-4416-8763-D7930C290309} = {2E3F91EE-85DA-4416-8763-D7930C290309}
	EndProjectSection
EndProject
Project("{8BC9CEB8-8B4A-11D0-8D11-00A0C91BC942}") = "Graphics.Test", "Graphics.Test\Graphics.Test.vcxproj", "{71CB9AAE-0975-4AB1-989C-A64D6CA21087}"
EndProject
Project("{8BC9CEB8-8B4A-11D0-8D11-00A0C91BC942}") = "DeMMO", "DeMMO\DeMMO.vcxproj", "{9F97F2C9-44B8-4BDD-A9A6-B3014F798C4A}"
EndProject
Global
	GlobalSection(SolutionConfigurationPlatforms) = preSolution
		Debug|ARM = Debug|ARM
		Debug|x64 = Debug|x64
		Debug|x86 = Debug|x86
		Release|ARM = Release|ARM
		Release|x64 = Release|x64
		Release|x86 = Release|x86
	EndGlobalSection
	GlobalSection(ProjectConfigurationPlatforms) = postSolution
		{AEA5BEBD-12BF-4C46-A461-DEF93CFD7D1C}.Debug|ARM.ActiveCfg = Debug|Win32
		{AEA5BEBD-12BF-4C46-A461-DEF93CFD7D1C}.Debug|x64.ActiveCfg = Debug|x64
		{AEA5BEBD-12BF-4C46-A461-DEF93CFD7D1C}.Debug|x64.Build.0 = Debug|x64
		{AEA5BEBD-12BF-4C46-A461-DEF93CFD7D1C}.Debug|x86.ActiveCfg = Debug|Win32
		{AEA5BEBD-12BF-4C46-A461-DEF93CFD7D1C}.Debug|x86.Build.0 = Debug|Win32
		{AEA5BEBD-12BF-4C46-A461-DEF93CFD7D1C}.Release|ARM.ActiveCfg = Release|Win32
		{AEA5BEBD-12BF-4C46-A461-DEF93CFD7D1C}.Release|x64.ActiveCfg = Release|x64
		{AEA5BEBD-12BF-4C46-A461-DEF93CFD7D1C}.Release|x64.Build.0 = Release|x64
		{AEA5BEBD-12BF-4C46-A461-DEF93CFD7D1C}.Release|x86.ActiveCfg = Release|Win32
		{AEA5BEBD-12BF-4C46-A461-DEF93CFD7D1C}.Release|x86.Build.0 = Release|Win32
		{6D254827-AED0-4120-9F6C-116434C5A1EC}.Debug|ARM.ActiveCfg = Debug|Win32
		{6D254827-AED0-4120-9F6C-116434C5A1EC}.Debug|x64.ActiveCfg = Debug|x64
		{6D254827-AED0-4120-9F6C-116434C5A1EC}.Debug|x64.Build.0 = Debug|x64
		{6D254827-AED0-4120-9F6C-116434C5A1EC}.Debug|x86.ActiveCfg = Debug|Win32
		{6D254827-AED0-4120-9F6C-116434C5A1EC}.Debug|x86.Build.0 = Debug|Win32
		{6D254827-AED0-4120-9F6C-116434C5A1EC}.Release|ARM.ActiveCfg = Release|Win32
		{6D254827-AED0-4120-9F6C-116434C5A1EC}.Release|x64.ActiveCfg = Release|x64
		{6D254827-AED0-4120-9F6C-116434C5A1EC}.Release|x64.Build.0 = Release|x64
		{6D254827-AED0-4120-9F6C-116434C5A1EC}.Release|x86.ActiveCfg = Release|Win32
		{6D254827-AED0-4120-9F6C-116434C5A1EC}.Release|x86.Build.0 = Release|Win32
		{2E3F91EE-85DA-4416-8763-D7930C290309}.Debug|ARM.ActiveCfg = Debug|Win32
		{2E3F91EE-85DA-4416-8763-D7930C290309}.Debug|x64.ActiveCfg = Debug|x64
		{2E3F91EE-85DA-4416-8763-D7930C290309}.Debug|x64.Build.0 = Debug|x64
		{2E3F91EE-85DA-4416-8763-D7930C290309}.Debug|x86.ActiveCfg = Debug|Win32
		{2E3F91EE-85DA-4416-8763-D7930C290309}.Debug|x86.Build.0 = Debug|Win32
		{2E3F91EE-85DA-4416-8763-D7930C290309}.Release|ARM.ActiveCfg = Release|Win32
		{2E3F91EE-85DA-4416-8763-D7930C290309}.Release|x64.ActiveCfg = Release|x64
		{2E3F91EE-85DA-4416-8763-D7930C290309}.Release|x64.Build.0 = Release|x64
		{2E3F91EE-85DA-4416-8763-D7930C290309}.Release|x86.ActiveCfg = Release|Win32
		{2E3F91EE-85DA-4416-8763-D7930C290309}.Release|x86.Build.0 = Release|Win32
		{1D087CDF-4870-499E-A7BB-807933F36BFA}.Debug|ARM.ActiveCfg = Debug|Win32
		{1D087CDF-4870-499E-A7BB-807933F36BFA}.Debug|x64.ActiveCfg = Debug|x64
		{1D087CDF-4870-499E-A7BB-807933F36BFA}.Debug|x64.Build.0 = Debug|x64
		{1D087CDF-4870-499E-A7BB-807933F36BFA}.Debug|x86.ActiveCfg = Debug|Win32
		{1D087CDF-4870-499E-A7BB-807933F36BFA}.Debug|x86.Build.0 = Debug|Win32
		{1D087CDF-4870-499E-A7BB-807933F36BFA}.Release|ARM.ActiveCfg = Release|Win32
		{1D087CDF-4870-499E-A7BB-807933F36BFA}.Release|x64.ActiveCfg = Release|x64
		{1D087CDF-4870-499E-A7BB-807933F36BFA}.Release|x64.Build.0 = Release|x64
		{1D087CDF-4870-499E-A7BB-807933F36BFA}.Release|x86.ActiveCfg = Release|Win32
		{1D087CDF-4870-499E-A7BB-807933F36BFA}.Release|x86.Build.0 = Release|Win32
		{CDE09565-B71D-4928-B455-37E0D206FCC6}.Debug|ARM.ActiveCfg = Debug|Win32
		{CDE09565-B71D-4928-B455-37E0D206FCC6}.Debug|x64.ActiveCfg = Debug|x64
		{CDE09565-B71D-4928-B455-37E0D206FCC6}.Debug|x64.Build.0 = Debug|x64
		{CDE09565-B71D-4928-B455-37E0D206FCC6}.Debug|x86.ActiveCfg = Debug|Win32
		{CDE09565-B71D-4928-B455-37E0D206FCC6}.Debug|x86.Build.0 = Debug|Win32
		{CDE09565-B71D-4928-B455-37E0D206FCC6}.Release|ARM.ActiveCfg = Release|Win32
		{CDE09565-B71D-4928-B455-37E0D206FCC6}.Release|x64.ActiveCfg = Release|x64
		{CDE09565-B71D-4928-B455-37E0D206FCC6}.Release|x64.Build.0 = Release|x64
		{CDE09565-B71D-4928-B455-37E0D206FCC6}.Release|x86.ActiveCfg = Release|Win32
		{CDE09565-B71D-4928-B455-37E0D206FCC6}.Release|x86.Build.0 = Release|Win32
		{B7839C36-5110-4F46-A551-81051C4B19C2}.Debug|ARM.ActiveCfg = Debug|Win32
		{B7839C36-5110-4F46-A551-81051C4B19C2}.Debug|x64.ActiveCfg = Debug|x64
		{B7839C36-5110-4F46-A551-81051C4B19C2}.Debug|x64.Build.0 = Debug|x64
		{B7839C36-5110-4F46-A551-81051C4B19C2}.Debug|x86.ActiveCfg = Debug|Win32
		{B7839C36-5110-4F46-A551-81051C4B19C2}.Debug|x86.Build.0 = Debug|Win32
		{B7839C36-5110-4F46-A551-81051C4B19C2}.Debug|x86.Deploy.0 = Debug|Win32
		{B7839C36-5110-4F46-A551-81051C4B19C2}.Release|ARM.ActiveCfg = Release|Win32
		{B7839C36-5110-4F46-A551-81051C4B19C2}.Release|x64.ActiveCfg = Release|x64
		{B7839C36-5110-4F46-A551-81051C4B19C2}.Release|x64.Build.0 = Release|x64
		{B7839C36-5110-4F46-A551-81051C4B19C2}.Release|x86.ActiveCfg = Release|Win32
		{B7839C36-5110-4F46-A551-81051C4B19C2}.Release|x86.Build.0 = Release|Win32
		{9FDAEEB4-3CFA-4D5C-B857-FC7201FC586D}.Debug|ARM.ActiveCfg = Debug|Win32
		{9FDAEEB4-3CFA-4D5C-B857-FC7201FC586D}.Debug|x64.ActiveCfg = Debug|x64
		{9FDAEEB4-3CFA-4D5C-B857-FC7201FC586D}.Debug|x64.Build.0 = Debug|x64
		{9FDAEEB4-3CFA-4D5C-B857-FC7201FC586D}.Debug|x86.ActiveCfg = Debug|Win32
		{9FDAEEB4-3CFA-4D5C-B857-FC7201FC586D}.Debug|x86.Build.0 = Debug|Win32
		{9FDAEEB4-3CFA-4D5C-B857-FC7201FC586D}.Release|ARM.ActiveCfg = Release|Win32
		{9FDAEEB4-3CFA-4D5C-B857-FC7201FC586D}.Release|x64.ActiveCfg = Release|x64
		{9FDAEEB4-3CFA-4D5C-B857-FC7201FC586D}.Release|x64.Build.0 = Release|x64
		{9FDAEEB4-3CFA-4D5C-B857-FC7201FC586D}.Release|x86.ActiveCfg = Release|Win32
		{9FDAEEB4-3CFA-4D5C-B857-FC7201FC586D}.Release|x86.Build.0 = Release|Win32
		{06031591-98BF-44B8-95F9-CE060275C0AF}.Debug|ARM.ActiveCfg = Debug|Win32
		{06031591-98BF-44B8-95F9-CE060275C0AF}.Debug|x64.ActiveCfg = Debug|x64
		{06031591-98BF-44B8-95F9-CE060275C0AF}.Debug|x64.Build.0 = Debug|x64
		{06031591-98BF-44B8-95F9-CE060275C0AF}.Debug|x86.ActiveCfg = Debug|Win32
		{06031591-98BF-44B8-95F9-CE060275C0AF}.Debug|x86.Build.0 = Debug|Win32
		{06031591-98BF-44B8-95F9-CE060275C0AF}.Release|ARM.ActiveCfg = Release|Win32
		{06031591-98BF-44B8-95F9-CE060275C0AF}.Release|x64.ActiveCfg = Release|x64
		{06031591-98BF-44B8-95F9-CE060275C0AF}.Release|x64.Build.0 = Release|x64
		{06031591-98BF-44B8-95F9-CE060275C0AF}.Release|x86.ActiveCfg = Release|Win32
		{06031591-98BF-44B8-95F9-CE060275C0AF}.Release|x86.Build.0 = Release|Win32
		{007DB89C-5A2F-4322-B10C-E5B335480A16}.Debug|ARM.ActiveCfg = Debug|Win32
		{007DB89C-5A2F-4322-B10C-E5B335480A16}.Debug|x64.ActiveCfg = Debug|x64
		{007DB89C-5A2F-4322-B10C-E5B335480A16}.Debug|x64.Build.0 = Debug|x64
		{007DB89C-5A2F-4322-B10C-E5B335480A16}.Debug|x86.ActiveCfg = Debug|Win32
		{007DB89C-5A2F-4322-B10C-E5B335480A16}.Debug|x86.Build.0 = Debug|Win32
		{007DB89C-5A2F-4322-B10C-E5B335480A16}.Release|ARM.ActiveCfg = Release|Win32
		{007DB89C-5A2F-4322-B10C-E5B335480A16}.Release|x64.ActiveCfg = Release|x64
		{007DB89C-5A2F-4322-B10C-E5B335480A16}.Release|x64.Build.0 = Release|x64
		{007DB89C-5A2F-4322-B10C-E5B335480A16}.Release|x86.ActiveCfg = Release|Win32
		{007DB89C-5A2F-4322-B10C-E5B335480A16}.Release|x86.Build.0 = Release|Win32
		{71CB9AAE-0975-4AB1-989C-A64D6CA21087}.Debug|ARM.ActiveCfg = Debug|Win32
		{71CB9AAE-0975-4AB1-989C-A64D6CA21087}.Debug|x64.ActiveCfg = Debug|x64
		{71CB9AAE-0975-4AB1-989C-A64D6CA21087}.Debug|x64.Build.0 = Debug|x64
		{71CB9AAE-0975-4AB1-989C-A64D6CA21087}.Debug|x86.ActiveCfg = Debug|Win32
		{71CB9AAE-0975-4AB1-989C-A64D6CA21087}.Debug|x86.Build.0 = Debug|Win32
		{71CB9AAE-0975-4AB1-989C-A64D6CA21087}.Release|ARM.ActiveCfg = Release|Win32
		{71CB9AAE-0975-4AB1-989C-A64D6CA21087}.Release|x64.ActiveCfg = Release|x64
		{71CB9AAE-0975-4AB1-989C-A64D6CA21087}.Release|x64.Build.0 = Release|x64
		{71CB9AAE-0975-4AB1-989C-A64D6CA21087}.Release|x86.ActiveCfg = Release|Win32
		{71CB9AAE-0975-4AB1-989C-A64D6CA21087}.Release|x86.Build.0 = Release|Win32
		{9F97F2C9-44B8-4BDD-A9A6-B3014F798C4A}.Debug|ARM.ActiveCfg = Debug|Win32
		{9F97F2C9-44B8-4BDD-A9A6-B3014F798C4A}.Debug|x64.ActiveCfg = Debug|x64
		{9F97F2C9-44B8-4BDD-A9A6-B3014F798C4A}.Debug|x64.Build.0 = Debug|x64
		{9F97F2C9-44B8-4BDD-A9A6-B3014F798C4A}.Debug|x86.ActiveCfg = Debug|Win32
		{9F97F2C9-44B8-4BDD-A9A6-B3014F798C4A}.Debug|x86.Build.0 = Debug|Win32
		{9F97F2C9-44B8-4BDD-A9A6-B3014F798C4A}.Release|ARM.ActiveCfg = Release|Win32
		{9F97F2C9-44B8-4BDD-A9A6-B3014F798C4A}.Release|x64.ActiveCfg = Release|x64
		{9F97F2C9-44B8-4BDD-A9A6-B3014F798C4A}.Release|x64.Build.0 = Release|x64
		{9F97F2C9-44B8-4BDD-A9A6-B3014F798C4A}.Release|x86.ActiveCfg = Release|Win32
		{9F97F2C9-44B8-4BDD-A9A6-B3014F798C4A}.Release|x86.Build.0 = Release|Win32
	EndGlobalSection
	GlobalSection(SolutionProperties) = preSolution
		HideSolutionNode = FALSE
	EndGlobalSection
	GlobalSection(NestedProjects) = preSolution
		{71CB9AAE-0975-4AB1-989C-A64D6CA21087} = {FB22E6FF-A989-4A4F-A1AB-138E6DD93019}
	EndGlobalSection
EndGlobal
