
Microsoft Visual Studio Solution File, Format Version 12.00
# Visual Studio 15
VisualStudioVersion = 15.0.26430.16
MinimumVisualStudioVersion = 10.0.40219.1
Project("{8BC9CEB8-8B4A-11D0-8D11-00A0C91BC942}") = "UI", "UI\UI.vcxproj", "{AEA5BEBD-12BF-4C46-A461-DEF93CFD7D1C}"
	ProjectSection(ProjectDependencies) = postProject
		{B7839C36-5110-4F46-A551-81051C4B19C2} = {B7839C36-5110-4F46-A551-81051C4B19C2}
		{2E3F91EE-85DA-4416-8763-D7930C290309} = {2E3F91EE-85DA-4416-8763-D7930C290309}
	EndProjectSection
EndProject
Project("{2150E333-8FDC-42A3-9474-1A3956D46DE8}") = "Test", "Test", "{FB22E6FF-A989-4A4F-A1AB-138E6DD93019}"
EndProject
Project("{8BC9CEB8-8B4A-11D0-8D11-00A0C91BC942}") = "DataModel", "DataModel\DataModel.vcxproj", "{2E3F91EE-85DA-4416-8763-D7930C290309}"
EndProject
Project("{8BC9CEB8-8B4A-11D0-8D11-00A0C91BC942}") = "Graphics", "Graphics\Graphics.vcxproj", "{B7839C36-5110-4F46-A551-81051C4B19C2}"
	ProjectSection(ProjectDependencies) = postProject
		{2E3F91EE-85DA-4416-8763-D7930C290309} = {2E3F91EE-85DA-4416-8763-D7930C290309}
	EndProjectSection
EndProject
Project("{8BC9CEB8-8B4A-11D0-8D11-00A0C91BC942}") = "OpenGL", "OpenGL\OpenGL.vcxproj", "{9FDAEEB4-3CFA-4D5C-B857-FC7201FC586D}"
	ProjectSection(ProjectDependencies) = postProject
		{B7839C36-5110-4F46-A551-81051C4B19C2} = {B7839C36-5110-4F46-A551-81051C4B19C2}
		{2E3F91EE-85DA-4416-8763-D7930C290309} = {2E3F91EE-85DA-4416-8763-D7930C290309}
	EndProjectSection
EndProject
Project("{8BC9CEB8-8B4A-11D0-8D11-00A0C91BC942}") = "DirectX", "DirectX\DirectX.vcxproj", "{06031591-98BF-44B8-95F9-CE060275C0AF}"
	ProjectSection(ProjectDependencies) = postProject
		{B7839C36-5110-4F46-A551-81051C4B19C2} = {B7839C36-5110-4F46-A551-81051C4B19C2}
		{2E3F91EE-85DA-4416-8763-D7930C290309} = {2E3F91EE-85DA-4416-8763-D7930C290309}
	EndProjectSection
EndProject
Project("{8BC9CEB8-8B4A-11D0-8D11-00A0C91BC942}") = "Control", "Control\Control.vcxproj", "{007DB89C-5A2F-4322-B10C-E5B335480A16}"
	ProjectSection(ProjectDependencies) = postProject
		{2E3F91EE-85DA-4416-8763-D7930C290309} = {2E3F91EE-85DA-4416-8763-D7930C290309}
	EndProjectSection
EndProject
Project("{8BC9CEB8-8B4A-11D0-8D11-00A0C91BC942}") = "Client", "Client\Client.vcxproj", "{22EF5A70-A158-4E58-9223-321FBD2CAB7C}"
EndProject
Project("{8BC9CEB8-8B4A-11D0-8D11-00A0C91BC942}") = "Server", "Server\Server.vcxproj", "{6E96F071-A232-4613-BDA8-5C0A61F23B74}"
EndProject
Project("{8BC9CEB8-8B4A-11D0-8D11-00A0C91BC942}") = "Audio", "Audio\Audio.vcxproj", "{CD18A9D8-C6BD-494C-8D80-98F7AE3F421D}"
EndProject
Project("{8BC9CEB8-8B4A-11D0-8D11-00A0C91BC942}") = "Vulkan", "Vulkan\Vulkan.vcxproj", "{74FDB3CA-ED37-45C4-8801-770EF1AB8376}"
EndProject
Project("{8BC9CEB8-8B4A-11D0-8D11-00A0C91BC942}") = "Orchestrator", "Orchestrator\Orchestrator.vcxproj", "{A0CCA8AA-92AA-4F4A-BC46-9CEE80F72D7A}"
EndProject
Project("{8BC9CEB8-8B4A-11D0-8D11-00A0C91BC942}") = "Messaging", "Messaging\Messaging.vcxproj", "{E4D96C73-02B1-4CC0-B492-D8FE787C404B}"
EndProject
Project("{8BC9CEB8-8B4A-11D0-8D11-00A0C91BC942}") = "PersistenceManagement", "PersistenceManagement\PersistenceManagement.vcxproj", "{44292E51-FB3D-4113-A8DD-29B9601F9821}"
EndProject
Project("{8BC9CEB8-8B4A-11D0-8D11-00A0C91BC942}") = "Console", "Console\Console.vcxproj", "{5FB5B809-A27F-47F8-98ED-5CFA11B29315}"
EndProject
Project("{8BC9CEB8-8B4A-11D0-8D11-00A0C91BC942}") = "Remote", "Remote\Remote.vcxproj", "{17CC96B2-9230-4DEA-89B6-7072E4050328}"
EndProject
Project("{8BC9CEB8-8B4A-11D0-8D11-00A0C91BC942}") = "Messaging.Test", "Test\Messaging.Test\Messaging.Test.vcxproj", "{04E651EE-BAF3-4687-8644-66F2E73994E5}"
	ProjectSection(ProjectDependencies) = postProject
		{E4D96C73-02B1-4CC0-B492-D8FE787C404B} = {E4D96C73-02B1-4CC0-B492-D8FE787C404B}
	EndProjectSection
EndProject
Global
	GlobalSection(SolutionConfigurationPlatforms) = preSolution
		Debug|ARM = Debug|ARM
		Debug|x64 = Debug|x64
		Debug|x86 = Debug|x86
		Release|ARM = Release|ARM
		Release|x64 = Release|x64
		Release|x86 = Release|x86
	EndGlobalSection
	GlobalSection(ProjectConfigurationPlatforms) = postSolution
		{AEA5BEBD-12BF-4C46-A461-DEF93CFD7D1C}.Debug|ARM.ActiveCfg = Debug|Win32
		{AEA5BEBD-12BF-4C46-A461-DEF93CFD7D1C}.Debug|x64.ActiveCfg = Debug|x64
		{AEA5BEBD-12BF-4C46-A461-DEF93CFD7D1C}.Debug|x64.Build.0 = Debug|x64
		{AEA5BEBD-12BF-4C46-A461-DEF93CFD7D1C}.Debug|x86.ActiveCfg = Debug|Win32
		{AEA5BEBD-12BF-4C46-A461-DEF93CFD7D1C}.Debug|x86.Build.0 = Debug|Win32
		{AEA5BEBD-12BF-4C46-A461-DEF93CFD7D1C}.Release|ARM.ActiveCfg = Release|Win32
		{AEA5BEBD-12BF-4C46-A461-DEF93CFD7D1C}.Release|x64.ActiveCfg = Release|x64
		{AEA5BEBD-12BF-4C46-A461-DEF93CFD7D1C}.Release|x64.Build.0 = Release|x64
		{AEA5BEBD-12BF-4C46-A461-DEF93CFD7D1C}.Release|x86.ActiveCfg = Release|Win32
		{AEA5BEBD-12BF-4C46-A461-DEF93CFD7D1C}.Release|x86.Build.0 = Release|Win32
		{2E3F91EE-85DA-4416-8763-D7930C290309}.Debug|ARM.ActiveCfg = Debug|Win32
		{2E3F91EE-85DA-4416-8763-D7930C290309}.Debug|x64.ActiveCfg = Debug|x64
		{2E3F91EE-85DA-4416-8763-D7930C290309}.Debug|x64.Build.0 = Debug|x64
		{2E3F91EE-85DA-4416-8763-D7930C290309}.Debug|x86.ActiveCfg = Debug|Win32
		{2E3F91EE-85DA-4416-8763-D7930C290309}.Debug|x86.Build.0 = Debug|Win32
		{2E3F91EE-85DA-4416-8763-D7930C290309}.Release|ARM.ActiveCfg = Release|Win32
		{2E3F91EE-85DA-4416-8763-D7930C290309}.Release|x64.ActiveCfg = Release|x64
		{2E3F91EE-85DA-4416-8763-D7930C290309}.Release|x64.Build.0 = Release|x64
		{2E3F91EE-85DA-4416-8763-D7930C290309}.Release|x86.ActiveCfg = Release|Win32
		{2E3F91EE-85DA-4416-8763-D7930C290309}.Release|x86.Build.0 = Release|Win32
		{B7839C36-5110-4F46-A551-81051C4B19C2}.Debug|ARM.ActiveCfg = Debug|Win32
		{B7839C36-5110-4F46-A551-81051C4B19C2}.Debug|x64.ActiveCfg = Debug|x64
		{B7839C36-5110-4F46-A551-81051C4B19C2}.Debug|x64.Build.0 = Debug|x64
		{B7839C36-5110-4F46-A551-81051C4B19C2}.Debug|x86.ActiveCfg = Debug|Win32
		{B7839C36-5110-4F46-A551-81051C4B19C2}.Debug|x86.Build.0 = Debug|Win32
		{B7839C36-5110-4F46-A551-81051C4B19C2}.Debug|x86.Deploy.0 = Debug|Win32
		{B7839C36-5110-4F46-A551-81051C4B19C2}.Release|ARM.ActiveCfg = Release|Win32
		{B7839C36-5110-4F46-A551-81051C4B19C2}.Release|x64.ActiveCfg = Release|x64
		{B7839C36-5110-4F46-A551-81051C4B19C2}.Release|x64.Build.0 = Release|x64
		{B7839C36-5110-4F46-A551-81051C4B19C2}.Release|x86.ActiveCfg = Release|Win32
		{B7839C36-5110-4F46-A551-81051C4B19C2}.Release|x86.Build.0 = Release|Win32
		{9FDAEEB4-3CFA-4D5C-B857-FC7201FC586D}.Debug|ARM.ActiveCfg = Debug|Win32
		{9FDAEEB4-3CFA-4D5C-B857-FC7201FC586D}.Debug|x64.ActiveCfg = Debug|x64
		{9FDAEEB4-3CFA-4D5C-B857-FC7201FC586D}.Debug|x64.Build.0 = Debug|x64
		{9FDAEEB4-3CFA-4D5C-B857-FC7201FC586D}.Debug|x86.ActiveCfg = Debug|Win32
		{9FDAEEB4-3CFA-4D5C-B857-FC7201FC586D}.Debug|x86.Build.0 = Debug|Win32
		{9FDAEEB4-3CFA-4D5C-B857-FC7201FC586D}.Release|ARM.ActiveCfg = Release|Win32
		{9FDAEEB4-3CFA-4D5C-B857-FC7201FC586D}.Release|x64.ActiveCfg = Release|x64
		{9FDAEEB4-3CFA-4D5C-B857-FC7201FC586D}.Release|x64.Build.0 = Release|x64
		{9FDAEEB4-3CFA-4D5C-B857-FC7201FC586D}.Release|x86.ActiveCfg = Release|Win32
		{9FDAEEB4-3CFA-4D5C-B857-FC7201FC586D}.Release|x86.Build.0 = Release|Win32
		{06031591-98BF-44B8-95F9-CE060275C0AF}.Debug|ARM.ActiveCfg = Debug|Win32
		{06031591-98BF-44B8-95F9-CE060275C0AF}.Debug|x64.ActiveCfg = Debug|x64
		{06031591-98BF-44B8-95F9-CE060275C0AF}.Debug|x64.Build.0 = Debug|x64
		{06031591-98BF-44B8-95F9-CE060275C0AF}.Debug|x86.ActiveCfg = Debug|Win32
		{06031591-98BF-44B8-95F9-CE060275C0AF}.Debug|x86.Build.0 = Debug|Win32
		{06031591-98BF-44B8-95F9-CE060275C0AF}.Release|ARM.ActiveCfg = Release|Win32
		{06031591-98BF-44B8-95F9-CE060275C0AF}.Release|x64.ActiveCfg = Release|x64
		{06031591-98BF-44B8-95F9-CE060275C0AF}.Release|x64.Build.0 = Release|x64
		{06031591-98BF-44B8-95F9-CE060275C0AF}.Release|x86.ActiveCfg = Release|Win32
		{06031591-98BF-44B8-95F9-CE060275C0AF}.Release|x86.Build.0 = Release|Win32
		{007DB89C-5A2F-4322-B10C-E5B335480A16}.Debug|ARM.ActiveCfg = Debug|Win32
		{007DB89C-5A2F-4322-B10C-E5B335480A16}.Debug|x64.ActiveCfg = Debug|x64
		{007DB89C-5A2F-4322-B10C-E5B335480A16}.Debug|x64.Build.0 = Debug|x64
		{007DB89C-5A2F-4322-B10C-E5B335480A16}.Debug|x86.ActiveCfg = Debug|Win32
		{007DB89C-5A2F-4322-B10C-E5B335480A16}.Debug|x86.Build.0 = Debug|Win32
		{007DB89C-5A2F-4322-B10C-E5B335480A16}.Release|ARM.ActiveCfg = Release|Win32
		{007DB89C-5A2F-4322-B10C-E5B335480A16}.Release|x64.ActiveCfg = Release|x64
		{007DB89C-5A2F-4322-B10C-E5B335480A16}.Release|x64.Build.0 = Release|x64
		{007DB89C-5A2F-4322-B10C-E5B335480A16}.Release|x86.ActiveCfg = Release|Win32
		{007DB89C-5A2F-4322-B10C-E5B335480A16}.Release|x86.Build.0 = Release|Win32
		{22EF5A70-A158-4E58-9223-321FBD2CAB7C}.Debug|ARM.ActiveCfg = Debug|Win32
		{22EF5A70-A158-4E58-9223-321FBD2CAB7C}.Debug|x64.ActiveCfg = Debug|x64
		{22EF5A70-A158-4E58-9223-321FBD2CAB7C}.Debug|x64.Build.0 = Debug|x64
		{22EF5A70-A158-4E58-9223-321FBD2CAB7C}.Debug|x86.ActiveCfg = Debug|Win32
		{22EF5A70-A158-4E58-9223-321FBD2CAB7C}.Debug|x86.Build.0 = Debug|Win32
		{22EF5A70-A158-4E58-9223-321FBD2CAB7C}.Release|ARM.ActiveCfg = Release|Win32
		{22EF5A70-A158-4E58-9223-321FBD2CAB7C}.Release|x64.ActiveCfg = Release|x64
		{22EF5A70-A158-4E58-9223-321FBD2CAB7C}.Release|x64.Build.0 = Release|x64
		{22EF5A70-A158-4E58-9223-321FBD2CAB7C}.Release|x86.ActiveCfg = Release|Win32
		{22EF5A70-A158-4E58-9223-321FBD2CAB7C}.Release|x86.Build.0 = Release|Win32
		{6E96F071-A232-4613-BDA8-5C0A61F23B74}.Debug|ARM.ActiveCfg = Debug|Win32
		{6E96F071-A232-4613-BDA8-5C0A61F23B74}.Debug|x64.ActiveCfg = Debug|x64
		{6E96F071-A232-4613-BDA8-5C0A61F23B74}.Debug|x64.Build.0 = Debug|x64
		{6E96F071-A232-4613-BDA8-5C0A61F23B74}.Debug|x86.ActiveCfg = Debug|Win32
		{6E96F071-A232-4613-BDA8-5C0A61F23B74}.Debug|x86.Build.0 = Debug|Win32
		{6E96F071-A232-4613-BDA8-5C0A61F23B74}.Release|ARM.ActiveCfg = Release|Win32
		{6E96F071-A232-4613-BDA8-5C0A61F23B74}.Release|x64.ActiveCfg = Release|x64
		{6E96F071-A232-4613-BDA8-5C0A61F23B74}.Release|x64.Build.0 = Release|x64
		{6E96F071-A232-4613-BDA8-5C0A61F23B74}.Release|x86.ActiveCfg = Release|Win32
		{6E96F071-A232-4613-BDA8-5C0A61F23B74}.Release|x86.Build.0 = Release|Win32
		{CD18A9D8-C6BD-494C-8D80-98F7AE3F421D}.Debug|ARM.ActiveCfg = Debug|Win32
		{CD18A9D8-C6BD-494C-8D80-98F7AE3F421D}.Debug|x64.ActiveCfg = Debug|x64
		{CD18A9D8-C6BD-494C-8D80-98F7AE3F421D}.Debug|x64.Build.0 = Debug|x64
		{CD18A9D8-C6BD-494C-8D80-98F7AE3F421D}.Debug|x86.ActiveCfg = Debug|Win32
		{CD18A9D8-C6BD-494C-8D80-98F7AE3F421D}.Debug|x86.Build.0 = Debug|Win32
		{CD18A9D8-C6BD-494C-8D80-98F7AE3F421D}.Release|ARM.ActiveCfg = Release|Win32
		{CD18A9D8-C6BD-494C-8D80-98F7AE3F421D}.Release|x64.ActiveCfg = Release|x64
		{CD18A9D8-C6BD-494C-8D80-98F7AE3F421D}.Release|x64.Build.0 = Release|x64
		{CD18A9D8-C6BD-494C-8D80-98F7AE3F421D}.Release|x86.ActiveCfg = Release|Win32
		{CD18A9D8-C6BD-494C-8D80-98F7AE3F421D}.Release|x86.Build.0 = Release|Win32
		{74FDB3CA-ED37-45C4-8801-770EF1AB8376}.Debug|ARM.ActiveCfg = Debug|Win32
		{74FDB3CA-ED37-45C4-8801-770EF1AB8376}.Debug|x64.ActiveCfg = Debug|x64
		{74FDB3CA-ED37-45C4-8801-770EF1AB8376}.Debug|x64.Build.0 = Debug|x64
		{74FDB3CA-ED37-45C4-8801-770EF1AB8376}.Debug|x86.ActiveCfg = Debug|Win32
		{74FDB3CA-ED37-45C4-8801-770EF1AB8376}.Debug|x86.Build.0 = Debug|Win32
		{74FDB3CA-ED37-45C4-8801-770EF1AB8376}.Release|ARM.ActiveCfg = Release|Win32
		{74FDB3CA-ED37-45C4-8801-770EF1AB8376}.Release|x64.ActiveCfg = Release|x64
		{74FDB3CA-ED37-45C4-8801-770EF1AB8376}.Release|x64.Build.0 = Release|x64
		{74FDB3CA-ED37-45C4-8801-770EF1AB8376}.Release|x86.ActiveCfg = Release|Win32
		{74FDB3CA-ED37-45C4-8801-770EF1AB8376}.Release|x86.Build.0 = Release|Win32
		{A0CCA8AA-92AA-4F4A-BC46-9CEE80F72D7A}.Debug|ARM.ActiveCfg = Debug|Win32
		{A0CCA8AA-92AA-4F4A-BC46-9CEE80F72D7A}.Debug|x64.ActiveCfg = Debug|x64
		{A0CCA8AA-92AA-4F4A-BC46-9CEE80F72D7A}.Debug|x64.Build.0 = Debug|x64
		{A0CCA8AA-92AA-4F4A-BC46-9CEE80F72D7A}.Debug|x86.ActiveCfg = Debug|Win32
		{A0CCA8AA-92AA-4F4A-BC46-9CEE80F72D7A}.Debug|x86.Build.0 = Debug|Win32
		{A0CCA8AA-92AA-4F4A-BC46-9CEE80F72D7A}.Release|ARM.ActiveCfg = Release|Win32
		{A0CCA8AA-92AA-4F4A-BC46-9CEE80F72D7A}.Release|x64.ActiveCfg = Release|x64
		{A0CCA8AA-92AA-4F4A-BC46-9CEE80F72D7A}.Release|x64.Build.0 = Release|x64
		{A0CCA8AA-92AA-4F4A-BC46-9CEE80F72D7A}.Release|x86.ActiveCfg = Release|Win32
		{A0CCA8AA-92AA-4F4A-BC46-9CEE80F72D7A}.Release|x86.Build.0 = Release|Win32
		{E4D96C73-02B1-4CC0-B492-D8FE787C404B}.Debug|ARM.ActiveCfg = Debug|Win32
		{E4D96C73-02B1-4CC0-B492-D8FE787C404B}.Debug|x64.ActiveCfg = Debug|x64
		{E4D96C73-02B1-4CC0-B492-D8FE787C404B}.Debug|x64.Build.0 = Debug|x64
		{E4D96C73-02B1-4CC0-B492-D8FE787C404B}.Debug|x86.ActiveCfg = Debug|Win32
		{E4D96C73-02B1-4CC0-B492-D8FE787C404B}.Debug|x86.Build.0 = Debug|Win32
		{E4D96C73-02B1-4CC0-B492-D8FE787C404B}.Release|ARM.ActiveCfg = Release|Win32
		{E4D96C73-02B1-4CC0-B492-D8FE787C404B}.Release|x64.ActiveCfg = Release|x64
		{E4D96C73-02B1-4CC0-B492-D8FE787C404B}.Release|x64.Build.0 = Release|x64
		{E4D96C73-02B1-4CC0-B492-D8FE787C404B}.Release|x86.ActiveCfg = Release|Win32
		{E4D96C73-02B1-4CC0-B492-D8FE787C404B}.Release|x86.Build.0 = Release|Win32
		{44292E51-FB3D-4113-A8DD-29B9601F9821}.Debug|ARM.ActiveCfg = Debug|Win32
		{44292E51-FB3D-4113-A8DD-29B9601F9821}.Debug|x64.ActiveCfg = Debug|x64
		{44292E51-FB3D-4113-A8DD-29B9601F9821}.Debug|x64.Build.0 = Debug|x64
		{44292E51-FB3D-4113-A8DD-29B9601F9821}.Debug|x86.ActiveCfg = Debug|Win32
		{44292E51-FB3D-4113-A8DD-29B9601F9821}.Debug|x86.Build.0 = Debug|Win32
		{44292E51-FB3D-4113-A8DD-29B9601F9821}.Release|ARM.ActiveCfg = Release|Win32
		{44292E51-FB3D-4113-A8DD-29B9601F9821}.Release|x64.ActiveCfg = Release|x64
		{44292E51-FB3D-4113-A8DD-29B9601F9821}.Release|x64.Build.0 = Release|x64
		{44292E51-FB3D-4113-A8DD-29B9601F9821}.Release|x86.ActiveCfg = Release|Win32
		{44292E51-FB3D-4113-A8DD-29B9601F9821}.Release|x86.Build.0 = Release|Win32
		{5FB5B809-A27F-47F8-98ED-5CFA11B29315}.Debug|ARM.ActiveCfg = Debug|Win32
		{5FB5B809-A27F-47F8-98ED-5CFA11B29315}.Debug|x64.ActiveCfg = Debug|x64
		{5FB5B809-A27F-47F8-98ED-5CFA11B29315}.Debug|x64.Build.0 = Debug|x64
		{5FB5B809-A27F-47F8-98ED-5CFA11B29315}.Debug|x86.ActiveCfg = Debug|Win32
		{5FB5B809-A27F-47F8-98ED-5CFA11B29315}.Debug|x86.Build.0 = Debug|Win32
		{5FB5B809-A27F-47F8-98ED-5CFA11B29315}.Release|ARM.ActiveCfg = Release|Win32
		{5FB5B809-A27F-47F8-98ED-5CFA11B29315}.Release|x64.ActiveCfg = Release|x64
		{5FB5B809-A27F-47F8-98ED-5CFA11B29315}.Release|x64.Build.0 = Release|x64
		{5FB5B809-A27F-47F8-98ED-5CFA11B29315}.Release|x86.ActiveCfg = Release|Win32
		{5FB5B809-A27F-47F8-98ED-5CFA11B29315}.Release|x86.Build.0 = Release|Win32
		{17CC96B2-9230-4DEA-89B6-7072E4050328}.Debug|ARM.ActiveCfg = Debug|Win32
		{17CC96B2-9230-4DEA-89B6-7072E4050328}.Debug|x64.ActiveCfg = Debug|x64
		{17CC96B2-9230-4DEA-89B6-7072E4050328}.Debug|x64.Build.0 = Debug|x64
		{17CC96B2-9230-4DEA-89B6-7072E4050328}.Debug|x86.ActiveCfg = Debug|Win32
		{17CC96B2-9230-4DEA-89B6-7072E4050328}.Debug|x86.Build.0 = Debug|Win32
		{17CC96B2-9230-4DEA-89B6-7072E4050328}.Release|ARM.ActiveCfg = Release|Win32
		{17CC96B2-9230-4DEA-89B6-7072E4050328}.Release|x64.ActiveCfg = Release|x64
		{17CC96B2-9230-4DEA-89B6-7072E4050328}.Release|x64.Build.0 = Release|x64
		{17CC96B2-9230-4DEA-89B6-7072E4050328}.Release|x86.ActiveCfg = Release|Win32
		{17CC96B2-9230-4DEA-89B6-7072E4050328}.Release|x86.Build.0 = Release|Win32
		{04E651EE-BAF3-4687-8644-66F2E73994E5}.Debug|ARM.ActiveCfg = Debug|Win32
		{04E651EE-BAF3-4687-8644-66F2E73994E5}.Debug|x64.ActiveCfg = Debug|x64
		{04E651EE-BAF3-4687-8644-66F2E73994E5}.Debug|x64.Build.0 = Debug|x64
		{04E651EE-BAF3-4687-8644-66F2E73994E5}.Debug|x86.ActiveCfg = Debug|Win32
		{04E651EE-BAF3-4687-8644-66F2E73994E5}.Debug|x86.Build.0 = Debug|Win32
		{04E651EE-BAF3-4687-8644-66F2E73994E5}.Release|ARM.ActiveCfg = Release|Win32
		{04E651EE-BAF3-4687-8644-66F2E73994E5}.Release|x64.ActiveCfg = Release|x64
		{04E651EE-BAF3-4687-8644-66F2E73994E5}.Release|x64.Build.0 = Release|x64
		{04E651EE-BAF3-4687-8644-66F2E73994E5}.Release|x86.ActiveCfg = Release|Win32
		{04E651EE-BAF3-4687-8644-66F2E73994E5}.Release|x86.Build.0 = Release|Win32
	EndGlobalSection
	GlobalSection(SolutionProperties) = preSolution
		HideSolutionNode = FALSE
	EndGlobalSection
	GlobalSection(NestedProjects) = preSolution
		{04E651EE-BAF3-4687-8644-66F2E73994E5} = {FB22E6FF-A989-4A4F-A1AB-138E6DD93019}
	EndGlobalSection
EndGlobal
